
Microsoft Visual Studio Solution File, Format Version 12.00
# Visual Studio Version 17
VisualStudioVersion = 17.5.33530.505
MinimumVisualStudioVersion = 10.0.40219.1
Project("{9A19103F-16F7-4668-BE54-9A1E7A4F7556}") = "Rajax.Avalonia.App", "Rajax.Avalonia.App\Rajax.Avalonia.App.csproj", "{55049C5F-2062-4E32-8975-3AD2AAB169D5}"
EndProject
Project("{9A19103F-16F7-4668-BE54-9A1E7A4F7556}") = "Rajax.Avalonia.UI", "Rajax.Avalonia.UI\Rajax.Avalonia.UI.csproj", "{CFD4C214-9775-45D0-ADB5-1F9E5C2D69C8}"
EndProject
Project("{9A19103F-16F7-4668-BE54-9A1E7A4F7556}") = "CefGlue", "CefGlue\CefGlue.csproj", "{CE0DDF96-2920-4E44-BCD2-6F7F8F328FA7}"
EndProject
Project("{9A19103F-16F7-4668-BE54-9A1E7A4F7556}") = "Rajax.Avalonia.CefGlueApp", "Rajax.Avalonia.CefApp\Rajax.Avalonia.CefGlueApp.csproj", "{E9999C00-7843-428F-A988-C8BC6D6D9E88}"
EndProject
Global
	GlobalSection(SolutionConfigurationPlatforms) = preSolution
		Debug|Any CPU = Debug|Any CPU
		Debug|x64 = Debug|x64
		Release|Any CPU = Release|Any CPU
		Release|x64 = Release|x64
	EndGlobalSection
	GlobalSection(ProjectConfigurationPlatforms) = postSolution
		{55049C5F-2062-4E32-8975-3AD2AAB169D5}.Debug|Any CPU.ActiveCfg = Debug|Any CPU
		{55049C5F-2062-4E32-8975-3AD2AAB169D5}.Debug|Any CPU.Build.0 = Debug|Any CPU
		{55049C5F-2062-4E32-8975-3AD2AAB169D5}.Debug|x64.ActiveCfg = Debug|Any CPU
		{55049C5F-2062-4E32-8975-3AD2AAB169D5}.Debug|x64.Build.0 = Debug|Any CPU
		{55049C5F-2062-4E32-8975-3AD2AAB169D5}.Release|Any CPU.ActiveCfg = Release|Any CPU
		{55049C5F-2062-4E32-8975-3AD2AAB169D5}.Release|Any CPU.Build.0 = Release|Any CPU
		{55049C5F-2062-4E32-8975-3AD2AAB169D5}.Release|x64.ActiveCfg = Release|Any CPU
		{55049C5F-2062-4E32-8975-3AD2AAB169D5}.Release|x64.Build.0 = Release|Any CPU
		{CFD4C214-9775-45D0-ADB5-1F9E5C2D69C8}.Debug|Any CPU.ActiveCfg = Debug|Any CPU
		{CFD4C214-9775-45D0-ADB5-1F9E5C2D69C8}.Debug|Any CPU.Build.0 = Debug|Any CPU
		{CFD4C214-9775-45D0-ADB5-1F9E5C2D69C8}.Debug|x64.ActiveCfg = Debug|Any CPU
		{CFD4C214-9775-45D0-ADB5-1F9E5C2D69C8}.Debug|x64.Build.0 = Debug|Any CPU
		{CFD4C214-9775-45D0-ADB5-1F9E5C2D69C8}.Release|Any CPU.ActiveCfg = Release|Any CPU
		{CFD4C214-9775-45D0-ADB5-1F9E5C2D69C8}.Release|Any CPU.Build.0 = Release|Any CPU
		{CFD4C214-9775-45D0-ADB5-1F9E5C2D69C8}.Release|x64.ActiveCfg = Release|Any CPU
		{CFD4C214-9775-45D0-ADB5-1F9E5C2D69C8}.Release|x64.Build.0 = Release|Any CPU
		{CE0DDF96-2920-4E44-BCD2-6F7F8F328FA7}.Debug|Any CPU.ActiveCfg = Debug|Any CPU
		{CE0DDF96-2920-4E44-BCD2-6F7F8F328FA7}.Debug|Any CPU.Build.0 = Debug|Any CPU
		{CE0DDF96-2920-4E44-BCD2-6F7F8F328FA7}.Debug|x64.ActiveCfg = Debug|x64
		{CE0DDF96-2920-4E44-BCD2-6F7F8F328FA7}.Debug|x64.Build.0 = Debug|x64
		{CE0DDF96-2920-4E44-BCD2-6F7F8F328FA7}.Release|Any CPU.ActiveCfg = Release|Any CPU
		{CE0DDF96-2920-4E44-BCD2-6F7F8F328FA7}.Release|Any CPU.Build.0 = Release|Any CPU
		{CE0DDF96-2920-4E44-BCD2-6F7F8F328FA7}.Release|x64.ActiveCfg = Release|x64
		{CE0DDF96-2920-4E44-BCD2-6F7F8F328FA7}.Release|x64.Build.0 = Release|x64
		{E9999C00-7843-428F-A988-C8BC6D6D9E88}.Debug|Any CPU.ActiveCfg = Debug|Any CPU
		{E9999C00-7843-428F-A988-C8BC6D6D9E88}.Debug|Any CPU.Build.0 = Debug|Any CPU
		{E9999C00-7843-428F-A988-C8BC6D6D9E88}.Debug|x64.ActiveCfg = Debug|Any CPU
		{E9999C00-7843-428F-A988-C8BC6D6D9E88}.Debug|x64.Build.0 = Debug|Any CPU
		{E9999C00-7843-428F-A988-C8BC6D6D9E88}.Release|Any CPU.ActiveCfg = Release|Any CPU
		{E9999C00-7843-428F-A988-C8BC6D6D9E88}.Release|Any CPU.Build.0 = Release|Any CPU
		{E9999C00-7843-428F-A988-C8BC6D6D9E88}.Release|x64.ActiveCfg = Release|Any CPU
		{E9999C00-7843-428F-A988-C8BC6D6D9E88}.Release|x64.Build.0 = Release|Any CPU
	EndGlobalSection
	GlobalSection(SolutionProperties) = preSolution
		HideSolutionNode = FALSE
	EndGlobalSection
	GlobalSection(ExtensibilityGlobals) = postSolution
		SolutionGuid = {543FC539-C47F-4D50-88A3-78F563E6692F}
	EndGlobalSection
EndGlobal
